
Microsoft Visual Studio Solution File, Format Version 12.00
# Visual Studio 15
VisualStudioVersion = 15.0.26430.14
MinimumVisualStudioVersion = 10.0.40219.1
Project("{FAE04EC0-301F-11D3-BF4B-00C04F79EFBC}") = "01-Regeh", "01-Regeh\01-Regeh.csproj", "{DE2A4C36-CBF0-443A-92CE-28CF2A9BB1C6}"
EndProject
Project("{FAE04EC0-301F-11D3-BF4B-00C04F79EFBC}") = "02-KnightGame", "02-KnightGame\02-KnightGame.csproj", "{EE118B35-BF3F-4476-81A2-C77D3D611922}"
EndProject
Project("{FAE04EC0-301F-11D3-BF4B-00C04F79EFBC}") = "03-NumberWars", "03-NumberWars\03-NumberWars.csproj", "{638B4163-047A-4708-8CA5-5F1D08C6632C}"
EndProject
Project("{FAE04EC0-301F-11D3-BF4B-00C04F79EFBC}") = "04-Hospital", "04-Hospital\04-Hospital.csproj", "{C77F331C-5896-4986-A613-1455AAA16FB2}"
EndProject
Global
	GlobalSection(SolutionConfigurationPlatforms) = preSolution
		Debug|Any CPU = Debug|Any CPU
		Release|Any CPU = Release|Any CPU
	EndGlobalSection
	GlobalSection(ProjectConfigurationPlatforms) = postSolution
		{DE2A4C36-CBF0-443A-92CE-28CF2A9BB1C6}.Debug|Any CPU.ActiveCfg = Debug|Any CPU
		{DE2A4C36-CBF0-443A-92CE-28CF2A9BB1C6}.Debug|Any CPU.Build.0 = Debug|Any CPU
		{DE2A4C36-CBF0-443A-92CE-28CF2A9BB1C6}.Release|Any CPU.ActiveCfg = Release|Any CPU
		{DE2A4C36-CBF0-443A-92CE-28CF2A9BB1C6}.Release|Any CPU.Build.0 = Release|Any CPU
		{EE118B35-BF3F-4476-81A2-C77D3D611922}.Debug|Any CPU.ActiveCfg = Debug|Any CPU
		{EE118B35-BF3F-4476-81A2-C77D3D611922}.Debug|Any CPU.Build.0 = Debug|Any CPU
		{EE118B35-BF3F-4476-81A2-C77D3D611922}.Release|Any CPU.ActiveCfg = Release|Any CPU
		{EE118B35-BF3F-4476-81A2-C77D3D611922}.Release|Any CPU.Build.0 = Release|Any CPU
		{638B4163-047A-4708-8CA5-5F1D08C6632C}.Debug|Any CPU.ActiveCfg = Debug|Any CPU
		{638B4163-047A-4708-8CA5-5F1D08C6632C}.Debug|Any CPU.Build.0 = Debug|Any CPU
		{638B4163-047A-4708-8CA5-5F1D08C6632C}.Release|Any CPU.ActiveCfg = Release|Any CPU
		{638B4163-047A-4708-8CA5-5F1D08C6632C}.Release|Any CPU.Build.0 = Release|Any CPU
		{C77F331C-5896-4986-A613-1455AAA16FB2}.Debug|Any CPU.ActiveCfg = Debug|Any CPU
		{C77F331C-5896-4986-A613-1455AAA16FB2}.Debug|Any CPU.Build.0 = Debug|Any CPU
		{C77F331C-5896-4986-A613-1455AAA16FB2}.Release|Any CPU.ActiveCfg = Release|Any CPU
		{C77F331C-5896-4986-A613-1455AAA16FB2}.Release|Any CPU.Build.0 = Release|Any CPU
	EndGlobalSection
	GlobalSection(SolutionProperties) = preSolution
		HideSolutionNode = FALSE
	EndGlobalSection
EndGlobal
